
Microsoft Visual Studio Solution File, Format Version 12.00
# Visual Studio Version 17
VisualStudioVersion = 17.7.34221.43
MinimumVisualStudioVersion = 10.0.40219.1
Project("{FAE04EC0-301F-11D3-BF4B-00C04F79EFBC}") = "Demo.Views", "Demo.Views\Demo.Views.csproj", "{2640B70C-E909-4175-8E4C-4C7CD72EB6C9}"
EndProject
Project("{FAE04EC0-301F-11D3-BF4B-00C04F79EFBC}") = "Demo.Services", "Demo.Services\Demo.Services.csproj", "{7EE933B7-852E-4B3B-AA3B-2AE735882A70}"
EndProject
Project("{FAE04EC0-301F-11D3-BF4B-00C04F79EFBC}") = "Demo.Services.Contracts", "Demo.Services.Contracts\Demo.Services.Contracts.csproj", "{FB47772E-44F7-422B-AB68-92E3D23A2CA6}"
EndProject
Project("{FAE04EC0-301F-11D3-BF4B-00C04F79EFBC}") = "Demo.Views.Contracts", "Demo.Views.Contracts\Demo.Views.Contracts.csproj", "{9B1D6967-A151-4425-8B9C-354438846DE3}"
EndProject
Project("{FAE04EC0-301F-11D3-BF4B-00C04F79EFBC}") = "Demo.Bootstrapper.WinForms", "Demo.Bootstrapper\Demo.Bootstrapper.WinForms.csproj", "{8EDAC39B-7CB6-4CE8-BDF8-F16B762064E4}"
EndProject
Project("{FAE04EC0-301F-11D3-BF4B-00C04F79EFBC}") = "Demo.Models", "Demo.Models\Demo.Models.csproj", "{0455AF75-F03C-410F-8C3D-4462A6E0870E}"
EndProject
Project("{FAE04EC0-301F-11D3-BF4B-00C04F79EFBC}") = "Demo.Models.Contracts", "Demo.Models.Contracts\Demo.Models.Contracts.csproj", "{93C3D108-DEB9-4B96-B9C1-DBB281D3DD95}"
EndProject
Project("{2150E333-8FDC-42A3-9474-1A3956D46DE8}") = "DomainLayer", "DomainLayer", "{7FFB2E06-5A4A-4D75-B282-18097DFDB0FE}"
EndProject
Project("{2150E333-8FDC-42A3-9474-1A3956D46DE8}") = "PresentationLayer", "PresentationLayer", "{C514F472-1648-4BA5-BBDA-C32CF5B42D1B}"
EndProject
Project("{2150E333-8FDC-42A3-9474-1A3956D46DE8}") = "DataAccessLayer", "DataAccessLayer", "{B311CF16-52FD-4778-B7C8-25AF30C2A29A}"
EndProject
Project("{2150E333-8FDC-42A3-9474-1A3956D46DE8}") = "BusinessLayer", "BusinessLayer", "{1F217158-8C24-4A2A-A9CE-950576ECBDDE}"
EndProject
Project("{2150E333-8FDC-42A3-9474-1A3956D46DE8}") = "InfrastructureLayer", "InfrastructureLayer", "{BCBF8E3C-79D8-4D47-A243-DD11F9F61653}"
EndProject
Project("{FAE04EC0-301F-11D3-BF4B-00C04F79EFBC}") = "Demo.Models.Shared", "Demo.Models.Shared\Demo.Models.Shared.csproj", "{5145E061-E45C-42CB-9E06-AD66B44468B5}"
EndProject
Project("{FAE04EC0-301F-11D3-BF4B-00C04F79EFBC}") = "Demo.Repository", "Demo.Repository\Demo.Repository.csproj", "{B4B7CD7F-B3EB-48BB-B8BC-6A6BBC4AE2BF}"
EndProject
Project("{FAE04EC0-301F-11D3-BF4B-00C04F79EFBC}") = "Demo.Repository.Contracts", "Demo.Repository.Contracts\Demo.Repository.Contracts.csproj", "{763731E5-4572-42CD-A9B6-D38C2BCDC6E5}"
EndProject
Project("{FAE04EC0-301F-11D3-BF4B-00C04F79EFBC}") = "Demo.Presenters", "Demo.Presenters\Demo.Presenters.csproj", "{7644D273-9746-4A42-ABCA-10326F277406}"
EndProject
Project("{FAE04EC0-301F-11D3-BF4B-00C04F79EFBC}") = "Demo.Presenters.Contracts", "Demo.Presenters.Contracts\Demo.Presenters.Contracts.csproj", "{2933D51A-2ACD-436B-A9F5-4532C37EE083}"
EndProject
Project("{FAE04EC0-301F-11D3-BF4B-00C04F79EFBC}") = "Demo.Db", "Demo.Db\Demo.Db.csproj", "{56B2D64D-80ED-4590-917B-E623EFFF1E65}"
EndProject
Project("{FAE04EC0-301F-11D3-BF4B-00C04F79EFBC}") = "Demo.Common", "Demo.Common\Demo.Common.csproj", "{AF056623-D079-41D6-97D7-81AEC8AD4D58}"
EndProject
Project("{FAE04EC0-301F-11D3-BF4B-00C04F79EFBC}") = "Demo.Common.Contracts", "Demo.Common.Contracts\Demo.Common.Contracts.csproj", "{4B3582A8-C988-4472-B45E-8E819480EF5D}"
EndProject
Project("{FAE04EC0-301F-11D3-BF4B-00C04F79EFBC}") = "Demo.Common.Shared", "Demo.Common.Shared\Demo.Common.Shared.csproj", "{A5345B1B-130E-4AE9-BA0B-6E2D8B1EB483}"
EndProject
Project("{2150E333-8FDC-42A3-9474-1A3956D46DE8}") = "CommonComponents", "CommonComponents", "{41166824-1890-4173-97A1-23F25FC9FDFA}"
EndProject
Project("{FAE04EC0-301F-11D3-BF4B-00C04F79EFBC}") = "Demo.Dependencies", "Demo.Dependencies\Demo.Dependencies.csproj", "{71130856-98FD-4E53-8987-CF338D7DD91B}"
EndProject
Project("{FAE04EC0-301F-11D3-BF4B-00C04F79EFBC}") = "Demo.Dependencies.Contracts", "Demo.Dependencies.Contracts\Demo.Dependencies.Contracts.csproj", "{CC16D317-4BDE-403B-B4EF-5482C710103D}"
EndProject
Project("{FAE04EC0-301F-11D3-BF4B-00C04F79EFBC}") = "Demo.Dependencies.Builder", "Demo.Dependencies.Builder\Demo.Dependencies.Builder.csproj", "{854361C8-097F-43AF-8A79-F0480B55F447}"
EndProject
Project("{2150E333-8FDC-42A3-9474-1A3956D46DE8}") = "WinForms", "WinForms", "{8EF30DE4-7228-4DE0-A69D-E0E5960B2916}"
EndProject
Project("{2150E333-8FDC-42A3-9474-1A3956D46DE8}") = "WPF", "WPF", "{944BAB5E-07E9-447D-8C42-442BE4648C04}"
EndProject
Project("{FAE04EC0-301F-11D3-BF4B-00C04F79EFBC}") = "Demo.Wpf.ViewModels", "Demo.Wpf.ViewModels\Demo.Wpf.ViewModels.csproj", "{2C3EE47E-8C2D-45C2-B3CE-51AF01F81508}"
EndProject
Project("{FAE04EC0-301F-11D3-BF4B-00C04F79EFBC}") = "Demo.Wpf.Views", "Demo.Wpf.Views\Demo.Wpf.Views.csproj", "{ECFE9CB7-2C37-4240-85EE-0378D4E27826}"
EndProject
Project("{FAE04EC0-301F-11D3-BF4B-00C04F79EFBC}") = "Demo.Wpf.Views.Contracts", "Demo.Wpf.Views.Contracts\Demo.Wpf.Views.Contracts.csproj", "{7E54C73D-F80D-4084-ACAB-B6270D5315CE}"
EndProject
Project("{FAE04EC0-301F-11D3-BF4B-00C04F79EFBC}") = "Demo.Wpf.ViewModels.Contracts", "Demo.Wpf.ViewModels.Contracts\Demo.Wpf.ViewModels.Contracts.csproj", "{C44F73BF-2DAE-4CB9-B47C-C0A05B10F1BC}"
EndProject
Project("{FAE04EC0-301F-11D3-BF4B-00C04F79EFBC}") = "Demo.Wpf.Presentation.Shared", "Demo.Wpf.Presentation.Shared\Demo.Wpf.Presentation.Shared.csproj", "{6E2F8FA8-DD22-40E5-901A-DD9617F222AE}"
EndProject
Project("{FAE04EC0-301F-11D3-BF4B-00C04F79EFBC}") = "Demo.Bootstrapper.Wpf", "Demo.Bootstrapper.Wpf\Demo.Bootstrapper.Wpf.csproj", "{81D44436-6404-4503-BA18-BDC4EB0A7A60}"
EndProject
Project("{FAE04EC0-301F-11D3-BF4B-00C04F79EFBC}") = "Demo.Starter.WinForms", "Demo.Starter.WinForms\Demo.Starter.WinForms.csproj", "{7F8118A7-64DC-4C13-BDFE-93593EF0481A}"
EndProject
Project("{FAE04EC0-301F-11D3-BF4B-00C04F79EFBC}") = "Demo.Starter.Wpf", "Demo.Starter.Wpf\Demo.Starter.Wpf.csproj", "{E4C4B5F9-8C5F-4E47-BA08-8E2FDC819866}"
EndProject
Project("{2150E333-8FDC-42A3-9474-1A3956D46DE8}") = "ASP", "ASP", "{D4E2FE19-A4B4-446A-9D77-6FDAA8B1397B}"
EndProject
Project("{FAE04EC0-301F-11D3-BF4B-00C04F79EFBC}") = "Demo.Asp.Views", "Demo.Asp.Views\Demo.Asp.Views.csproj", "{A9487113-132F-4B88-84AF-8EA97B92E45D}"
EndProject
Project("{FAE04EC0-301F-11D3-BF4B-00C04F79EFBC}") = "Demo.Asp.Controllers", "Demo.Asp.Controllers\Demo.Asp.Controllers.csproj", "{0F0261A4-473F-48A3-9A0A-E57770A61B1E}"
EndProject
Project("{FAE04EC0-301F-11D3-BF4B-00C04F79EFBC}") = "Demo.Starter.Asp", "Demo.Starter.Asp\Demo.Starter.Asp.csproj", "{55723E8A-FCB2-44A9-85C3-E963E9E4BE79}"
EndProject
Project("{FAE04EC0-301F-11D3-BF4B-00C04F79EFBC}") = "Demo.Bootstrapper.Asp", "Demo.Bootstrapper.Asp\Demo.Bootstrapper.Asp.csproj", "{B6B646BA-834D-4F87-94B7-A04AA56B191F}"
EndProject
Global
	GlobalSection(SolutionConfigurationPlatforms) = preSolution
		Debug|Any CPU = Debug|Any CPU
		Release|Any CPU = Release|Any CPU
	EndGlobalSection
	GlobalSection(ProjectConfigurationPlatforms) = postSolution
		{2640B70C-E909-4175-8E4C-4C7CD72EB6C9}.Debug|Any CPU.ActiveCfg = Debug|Any CPU
		{2640B70C-E909-4175-8E4C-4C7CD72EB6C9}.Debug|Any CPU.Build.0 = Debug|Any CPU
		{2640B70C-E909-4175-8E4C-4C7CD72EB6C9}.Release|Any CPU.ActiveCfg = Release|Any CPU
		{2640B70C-E909-4175-8E4C-4C7CD72EB6C9}.Release|Any CPU.Build.0 = Release|Any CPU
		{7EE933B7-852E-4B3B-AA3B-2AE735882A70}.Debug|Any CPU.ActiveCfg = Debug|Any CPU
		{7EE933B7-852E-4B3B-AA3B-2AE735882A70}.Debug|Any CPU.Build.0 = Debug|Any CPU
		{7EE933B7-852E-4B3B-AA3B-2AE735882A70}.Release|Any CPU.ActiveCfg = Release|Any CPU
		{7EE933B7-852E-4B3B-AA3B-2AE735882A70}.Release|Any CPU.Build.0 = Release|Any CPU
		{FB47772E-44F7-422B-AB68-92E3D23A2CA6}.Debug|Any CPU.ActiveCfg = Debug|Any CPU
		{FB47772E-44F7-422B-AB68-92E3D23A2CA6}.Debug|Any CPU.Build.0 = Debug|Any CPU
		{FB47772E-44F7-422B-AB68-92E3D23A2CA6}.Release|Any CPU.ActiveCfg = Release|Any CPU
		{FB47772E-44F7-422B-AB68-92E3D23A2CA6}.Release|Any CPU.Build.0 = Release|Any CPU
		{9B1D6967-A151-4425-8B9C-354438846DE3}.Debug|Any CPU.ActiveCfg = Debug|Any CPU
		{9B1D6967-A151-4425-8B9C-354438846DE3}.Debug|Any CPU.Build.0 = Debug|Any CPU
		{9B1D6967-A151-4425-8B9C-354438846DE3}.Release|Any CPU.ActiveCfg = Release|Any CPU
		{9B1D6967-A151-4425-8B9C-354438846DE3}.Release|Any CPU.Build.0 = Release|Any CPU
		{8EDAC39B-7CB6-4CE8-BDF8-F16B762064E4}.Debug|Any CPU.ActiveCfg = Debug|Any CPU
		{8EDAC39B-7CB6-4CE8-BDF8-F16B762064E4}.Debug|Any CPU.Build.0 = Debug|Any CPU
		{8EDAC39B-7CB6-4CE8-BDF8-F16B762064E4}.Release|Any CPU.ActiveCfg = Release|Any CPU
		{8EDAC39B-7CB6-4CE8-BDF8-F16B762064E4}.Release|Any CPU.Build.0 = Release|Any CPU
		{0455AF75-F03C-410F-8C3D-4462A6E0870E}.Debug|Any CPU.ActiveCfg = Debug|Any CPU
		{0455AF75-F03C-410F-8C3D-4462A6E0870E}.Debug|Any CPU.Build.0 = Debug|Any CPU
		{0455AF75-F03C-410F-8C3D-4462A6E0870E}.Release|Any CPU.ActiveCfg = Release|Any CPU
		{0455AF75-F03C-410F-8C3D-4462A6E0870E}.Release|Any CPU.Build.0 = Release|Any CPU
		{93C3D108-DEB9-4B96-B9C1-DBB281D3DD95}.Debug|Any CPU.ActiveCfg = Debug|Any CPU
		{93C3D108-DEB9-4B96-B9C1-DBB281D3DD95}.Debug|Any CPU.Build.0 = Debug|Any CPU
		{93C3D108-DEB9-4B96-B9C1-DBB281D3DD95}.Release|Any CPU.ActiveCfg = Release|Any CPU
		{93C3D108-DEB9-4B96-B9C1-DBB281D3DD95}.Release|Any CPU.Build.0 = Release|Any CPU
		{5145E061-E45C-42CB-9E06-AD66B44468B5}.Debug|Any CPU.ActiveCfg = Debug|Any CPU
		{5145E061-E45C-42CB-9E06-AD66B44468B5}.Debug|Any CPU.Build.0 = Debug|Any CPU
		{5145E061-E45C-42CB-9E06-AD66B44468B5}.Release|Any CPU.ActiveCfg = Release|Any CPU
		{5145E061-E45C-42CB-9E06-AD66B44468B5}.Release|Any CPU.Build.0 = Release|Any CPU
		{B4B7CD7F-B3EB-48BB-B8BC-6A6BBC4AE2BF}.Debug|Any CPU.ActiveCfg = Debug|Any CPU
		{B4B7CD7F-B3EB-48BB-B8BC-6A6BBC4AE2BF}.Debug|Any CPU.Build.0 = Debug|Any CPU
		{B4B7CD7F-B3EB-48BB-B8BC-6A6BBC4AE2BF}.Release|Any CPU.ActiveCfg = Release|Any CPU
		{B4B7CD7F-B3EB-48BB-B8BC-6A6BBC4AE2BF}.Release|Any CPU.Build.0 = Release|Any CPU
		{763731E5-4572-42CD-A9B6-D38C2BCDC6E5}.Debug|Any CPU.ActiveCfg = Debug|Any CPU
		{763731E5-4572-42CD-A9B6-D38C2BCDC6E5}.Debug|Any CPU.Build.0 = Debug|Any CPU
		{763731E5-4572-42CD-A9B6-D38C2BCDC6E5}.Release|Any CPU.ActiveCfg = Release|Any CPU
		{763731E5-4572-42CD-A9B6-D38C2BCDC6E5}.Release|Any CPU.Build.0 = Release|Any CPU
		{7644D273-9746-4A42-ABCA-10326F277406}.Debug|Any CPU.ActiveCfg = Debug|Any CPU
		{7644D273-9746-4A42-ABCA-10326F277406}.Debug|Any CPU.Build.0 = Debug|Any CPU
		{7644D273-9746-4A42-ABCA-10326F277406}.Release|Any CPU.ActiveCfg = Release|Any CPU
		{7644D273-9746-4A42-ABCA-10326F277406}.Release|Any CPU.Build.0 = Release|Any CPU
		{2933D51A-2ACD-436B-A9F5-4532C37EE083}.Debug|Any CPU.ActiveCfg = Debug|Any CPU
		{2933D51A-2ACD-436B-A9F5-4532C37EE083}.Debug|Any CPU.Build.0 = Debug|Any CPU
		{2933D51A-2ACD-436B-A9F5-4532C37EE083}.Release|Any CPU.ActiveCfg = Release|Any CPU
		{2933D51A-2ACD-436B-A9F5-4532C37EE083}.Release|Any CPU.Build.0 = Release|Any CPU
		{56B2D64D-80ED-4590-917B-E623EFFF1E65}.Debug|Any CPU.ActiveCfg = Debug|Any CPU
		{56B2D64D-80ED-4590-917B-E623EFFF1E65}.Debug|Any CPU.Build.0 = Debug|Any CPU
		{56B2D64D-80ED-4590-917B-E623EFFF1E65}.Release|Any CPU.ActiveCfg = Release|Any CPU
		{56B2D64D-80ED-4590-917B-E623EFFF1E65}.Release|Any CPU.Build.0 = Release|Any CPU
		{AF056623-D079-41D6-97D7-81AEC8AD4D58}.Debug|Any CPU.ActiveCfg = Debug|Any CPU
		{AF056623-D079-41D6-97D7-81AEC8AD4D58}.Debug|Any CPU.Build.0 = Debug|Any CPU
		{AF056623-D079-41D6-97D7-81AEC8AD4D58}.Release|Any CPU.ActiveCfg = Release|Any CPU
		{AF056623-D079-41D6-97D7-81AEC8AD4D58}.Release|Any CPU.Build.0 = Release|Any CPU
		{4B3582A8-C988-4472-B45E-8E819480EF5D}.Debug|Any CPU.ActiveCfg = Debug|Any CPU
		{4B3582A8-C988-4472-B45E-8E819480EF5D}.Debug|Any CPU.Build.0 = Debug|Any CPU
		{4B3582A8-C988-4472-B45E-8E819480EF5D}.Release|Any CPU.ActiveCfg = Release|Any CPU
		{4B3582A8-C988-4472-B45E-8E819480EF5D}.Release|Any CPU.Build.0 = Release|Any CPU
		{A5345B1B-130E-4AE9-BA0B-6E2D8B1EB483}.Debug|Any CPU.ActiveCfg = Debug|Any CPU
		{A5345B1B-130E-4AE9-BA0B-6E2D8B1EB483}.Debug|Any CPU.Build.0 = Debug|Any CPU
		{A5345B1B-130E-4AE9-BA0B-6E2D8B1EB483}.Release|Any CPU.ActiveCfg = Release|Any CPU
		{A5345B1B-130E-4AE9-BA0B-6E2D8B1EB483}.Release|Any CPU.Build.0 = Release|Any CPU
		{71130856-98FD-4E53-8987-CF338D7DD91B}.Debug|Any CPU.ActiveCfg = Debug|Any CPU
		{71130856-98FD-4E53-8987-CF338D7DD91B}.Debug|Any CPU.Build.0 = Debug|Any CPU
		{71130856-98FD-4E53-8987-CF338D7DD91B}.Release|Any CPU.ActiveCfg = Release|Any CPU
		{71130856-98FD-4E53-8987-CF338D7DD91B}.Release|Any CPU.Build.0 = Release|Any CPU
		{CC16D317-4BDE-403B-B4EF-5482C710103D}.Debug|Any CPU.ActiveCfg = Debug|Any CPU
		{CC16D317-4BDE-403B-B4EF-5482C710103D}.Debug|Any CPU.Build.0 = Debug|Any CPU
		{CC16D317-4BDE-403B-B4EF-5482C710103D}.Release|Any CPU.ActiveCfg = Release|Any CPU
		{CC16D317-4BDE-403B-B4EF-5482C710103D}.Release|Any CPU.Build.0 = Release|Any CPU
		{854361C8-097F-43AF-8A79-F0480B55F447}.Debug|Any CPU.ActiveCfg = Debug|Any CPU
		{854361C8-097F-43AF-8A79-F0480B55F447}.Debug|Any CPU.Build.0 = Debug|Any CPU
		{854361C8-097F-43AF-8A79-F0480B55F447}.Release|Any CPU.ActiveCfg = Release|Any CPU
		{854361C8-097F-43AF-8A79-F0480B55F447}.Release|Any CPU.Build.0 = Release|Any CPU
		{2C3EE47E-8C2D-45C2-B3CE-51AF01F81508}.Debug|Any CPU.ActiveCfg = Debug|Any CPU
		{2C3EE47E-8C2D-45C2-B3CE-51AF01F81508}.Debug|Any CPU.Build.0 = Debug|Any CPU
		{2C3EE47E-8C2D-45C2-B3CE-51AF01F81508}.Release|Any CPU.ActiveCfg = Release|Any CPU
		{2C3EE47E-8C2D-45C2-B3CE-51AF01F81508}.Release|Any CPU.Build.0 = Release|Any CPU
		{ECFE9CB7-2C37-4240-85EE-0378D4E27826}.Debug|Any CPU.ActiveCfg = Debug|Any CPU
		{ECFE9CB7-2C37-4240-85EE-0378D4E27826}.Debug|Any CPU.Build.0 = Debug|Any CPU
		{ECFE9CB7-2C37-4240-85EE-0378D4E27826}.Release|Any CPU.ActiveCfg = Release|Any CPU
		{ECFE9CB7-2C37-4240-85EE-0378D4E27826}.Release|Any CPU.Build.0 = Release|Any CPU
		{7E54C73D-F80D-4084-ACAB-B6270D5315CE}.Debug|Any CPU.ActiveCfg = Debug|Any CPU
		{7E54C73D-F80D-4084-ACAB-B6270D5315CE}.Debug|Any CPU.Build.0 = Debug|Any CPU
		{7E54C73D-F80D-4084-ACAB-B6270D5315CE}.Release|Any CPU.ActiveCfg = Release|Any CPU
		{7E54C73D-F80D-4084-ACAB-B6270D5315CE}.Release|Any CPU.Build.0 = Release|Any CPU
		{C44F73BF-2DAE-4CB9-B47C-C0A05B10F1BC}.Debug|Any CPU.ActiveCfg = Debug|Any CPU
		{C44F73BF-2DAE-4CB9-B47C-C0A05B10F1BC}.Debug|Any CPU.Build.0 = Debug|Any CPU
		{C44F73BF-2DAE-4CB9-B47C-C0A05B10F1BC}.Release|Any CPU.ActiveCfg = Release|Any CPU
		{C44F73BF-2DAE-4CB9-B47C-C0A05B10F1BC}.Release|Any CPU.Build.0 = Release|Any CPU
		{6E2F8FA8-DD22-40E5-901A-DD9617F222AE}.Debug|Any CPU.ActiveCfg = Debug|Any CPU
		{6E2F8FA8-DD22-40E5-901A-DD9617F222AE}.Debug|Any CPU.Build.0 = Debug|Any CPU
		{6E2F8FA8-DD22-40E5-901A-DD9617F222AE}.Release|Any CPU.ActiveCfg = Release|Any CPU
		{6E2F8FA8-DD22-40E5-901A-DD9617F222AE}.Release|Any CPU.Build.0 = Release|Any CPU
		{81D44436-6404-4503-BA18-BDC4EB0A7A60}.Debug|Any CPU.ActiveCfg = Debug|Any CPU
		{81D44436-6404-4503-BA18-BDC4EB0A7A60}.Debug|Any CPU.Build.0 = Debug|Any CPU
		{81D44436-6404-4503-BA18-BDC4EB0A7A60}.Release|Any CPU.ActiveCfg = Release|Any CPU
		{81D44436-6404-4503-BA18-BDC4EB0A7A60}.Release|Any CPU.Build.0 = Release|Any CPU
		{7F8118A7-64DC-4C13-BDFE-93593EF0481A}.Debug|Any CPU.ActiveCfg = Debug|Any CPU
		{7F8118A7-64DC-4C13-BDFE-93593EF0481A}.Debug|Any CPU.Build.0 = Debug|Any CPU
		{7F8118A7-64DC-4C13-BDFE-93593EF0481A}.Release|Any CPU.ActiveCfg = Release|Any CPU
		{7F8118A7-64DC-4C13-BDFE-93593EF0481A}.Release|Any CPU.Build.0 = Release|Any CPU
		{E4C4B5F9-8C5F-4E47-BA08-8E2FDC819866}.Debug|Any CPU.ActiveCfg = Debug|Any CPU
		{E4C4B5F9-8C5F-4E47-BA08-8E2FDC819866}.Debug|Any CPU.Build.0 = Debug|Any CPU
		{E4C4B5F9-8C5F-4E47-BA08-8E2FDC819866}.Release|Any CPU.ActiveCfg = Release|Any CPU
		{E4C4B5F9-8C5F-4E47-BA08-8E2FDC819866}.Release|Any CPU.Build.0 = Release|Any CPU
		{A9487113-132F-4B88-84AF-8EA97B92E45D}.Debug|Any CPU.ActiveCfg = Debug|Any CPU
		{A9487113-132F-4B88-84AF-8EA97B92E45D}.Debug|Any CPU.Build.0 = Debug|Any CPU
		{A9487113-132F-4B88-84AF-8EA97B92E45D}.Release|Any CPU.ActiveCfg = Release|Any CPU
		{A9487113-132F-4B88-84AF-8EA97B92E45D}.Release|Any CPU.Build.0 = Release|Any CPU
		{0F0261A4-473F-48A3-9A0A-E57770A61B1E}.Debug|Any CPU.ActiveCfg = Debug|Any CPU
		{0F0261A4-473F-48A3-9A0A-E57770A61B1E}.Debug|Any CPU.Build.0 = Debug|Any CPU
		{0F0261A4-473F-48A3-9A0A-E57770A61B1E}.Release|Any CPU.ActiveCfg = Release|Any CPU
		{0F0261A4-473F-48A3-9A0A-E57770A61B1E}.Release|Any CPU.Build.0 = Release|Any CPU
		{55723E8A-FCB2-44A9-85C3-E963E9E4BE79}.Debug|Any CPU.ActiveCfg = Debug|Any CPU
		{55723E8A-FCB2-44A9-85C3-E963E9E4BE79}.Debug|Any CPU.Build.0 = Debug|Any CPU
		{55723E8A-FCB2-44A9-85C3-E963E9E4BE79}.Release|Any CPU.ActiveCfg = Release|Any CPU
		{55723E8A-FCB2-44A9-85C3-E963E9E4BE79}.Release|Any CPU.Build.0 = Release|Any CPU
		{B6B646BA-834D-4F87-94B7-A04AA56B191F}.Debug|Any CPU.ActiveCfg = Debug|Any CPU
		{B6B646BA-834D-4F87-94B7-A04AA56B191F}.Debug|Any CPU.Build.0 = Debug|Any CPU
		{B6B646BA-834D-4F87-94B7-A04AA56B191F}.Release|Any CPU.ActiveCfg = Release|Any CPU
		{B6B646BA-834D-4F87-94B7-A04AA56B191F}.Release|Any CPU.Build.0 = Release|Any CPU
	EndGlobalSection
	GlobalSection(SolutionProperties) = preSolution
		HideSolutionNode = FALSE
	EndGlobalSection
	GlobalSection(NestedProjects) = preSolution
		{2640B70C-E909-4175-8E4C-4C7CD72EB6C9} = {8EF30DE4-7228-4DE0-A69D-E0E5960B2916}
		{7EE933B7-852E-4B3B-AA3B-2AE735882A70} = {1F217158-8C24-4A2A-A9CE-950576ECBDDE}
		{FB47772E-44F7-422B-AB68-92E3D23A2CA6} = {1F217158-8C24-4A2A-A9CE-950576ECBDDE}
		{9B1D6967-A151-4425-8B9C-354438846DE3} = {8EF30DE4-7228-4DE0-A69D-E0E5960B2916}
		{8EDAC39B-7CB6-4CE8-BDF8-F16B762064E4} = {BCBF8E3C-79D8-4D47-A243-DD11F9F61653}
		{0455AF75-F03C-410F-8C3D-4462A6E0870E} = {7FFB2E06-5A4A-4D75-B282-18097DFDB0FE}
		{93C3D108-DEB9-4B96-B9C1-DBB281D3DD95} = {7FFB2E06-5A4A-4D75-B282-18097DFDB0FE}
		{5145E061-E45C-42CB-9E06-AD66B44468B5} = {7FFB2E06-5A4A-4D75-B282-18097DFDB0FE}
		{B4B7CD7F-B3EB-48BB-B8BC-6A6BBC4AE2BF} = {B311CF16-52FD-4778-B7C8-25AF30C2A29A}
		{763731E5-4572-42CD-A9B6-D38C2BCDC6E5} = {B311CF16-52FD-4778-B7C8-25AF30C2A29A}
		{7644D273-9746-4A42-ABCA-10326F277406} = {8EF30DE4-7228-4DE0-A69D-E0E5960B2916}
		{2933D51A-2ACD-436B-A9F5-4532C37EE083} = {8EF30DE4-7228-4DE0-A69D-E0E5960B2916}
		{56B2D64D-80ED-4590-917B-E623EFFF1E65} = {B311CF16-52FD-4778-B7C8-25AF30C2A29A}
		{AF056623-D079-41D6-97D7-81AEC8AD4D58} = {41166824-1890-4173-97A1-23F25FC9FDFA}
		{4B3582A8-C988-4472-B45E-8E819480EF5D} = {41166824-1890-4173-97A1-23F25FC9FDFA}
		{A5345B1B-130E-4AE9-BA0B-6E2D8B1EB483} = {41166824-1890-4173-97A1-23F25FC9FDFA}
		{71130856-98FD-4E53-8987-CF338D7DD91B} = {BCBF8E3C-79D8-4D47-A243-DD11F9F61653}
		{CC16D317-4BDE-403B-B4EF-5482C710103D} = {BCBF8E3C-79D8-4D47-A243-DD11F9F61653}
		{854361C8-097F-43AF-8A79-F0480B55F447} = {BCBF8E3C-79D8-4D47-A243-DD11F9F61653}
		{8EF30DE4-7228-4DE0-A69D-E0E5960B2916} = {C514F472-1648-4BA5-BBDA-C32CF5B42D1B}
		{944BAB5E-07E9-447D-8C42-442BE4648C04} = {C514F472-1648-4BA5-BBDA-C32CF5B42D1B}
		{2C3EE47E-8C2D-45C2-B3CE-51AF01F81508} = {944BAB5E-07E9-447D-8C42-442BE4648C04}
		{ECFE9CB7-2C37-4240-85EE-0378D4E27826} = {944BAB5E-07E9-447D-8C42-442BE4648C04}
		{7E54C73D-F80D-4084-ACAB-B6270D5315CE} = {944BAB5E-07E9-447D-8C42-442BE4648C04}
		{C44F73BF-2DAE-4CB9-B47C-C0A05B10F1BC} = {944BAB5E-07E9-447D-8C42-442BE4648C04}
		{6E2F8FA8-DD22-40E5-901A-DD9617F222AE} = {944BAB5E-07E9-447D-8C42-442BE4648C04}
		{81D44436-6404-4503-BA18-BDC4EB0A7A60} = {BCBF8E3C-79D8-4D47-A243-DD11F9F61653}
		{D4E2FE19-A4B4-446A-9D77-6FDAA8B1397B} = {C514F472-1648-4BA5-BBDA-C32CF5B42D1B}
		{A9487113-132F-4B88-84AF-8EA97B92E45D} = {D4E2FE19-A4B4-446A-9D77-6FDAA8B1397B}
		{0F0261A4-473F-48A3-9A0A-E57770A61B1E} = {D4E2FE19-A4B4-446A-9D77-6FDAA8B1397B}
		{B6B646BA-834D-4F87-94B7-A04AA56B191F} = {BCBF8E3C-79D8-4D47-A243-DD11F9F61653}
	EndGlobalSection
	GlobalSection(ExtensibilityGlobals) = postSolution
		SolutionGuid = {479F39A3-3597-4499-8A6F-F49B5E6D8838}
	EndGlobalSection
EndGlobal
